
Microsoft Visual Studio Solution File, Format Version 12.00
# Visual Studio Version 17
VisualStudioVersion = 17.2.32630.192
MinimumVisualStudioVersion = 10.0.40219.1
Project("{9A19103F-16F7-4668-BE54-9A1E7A4F7556}") = "CPU_Soft_Rasterization", "CPU_Soft_Rasterization.csproj", "{B9A7D757-88D6-4A80-A33A-9FE6AD31306F}"
EndProject
Global
	GlobalSection(SolutionConfigurationPlatforms) = preSolution
		Debug|Any CPU = Debug|Any CPU
		Release|Any CPU = Release|Any CPU
	EndGlobalSection
	GlobalSection(ProjectConfigurationPlatforms) = postSolution
		{B9A7D757-88D6-4A80-A33A-9FE6AD31306F}.Debug|Any CPU.ActiveCfg = Debug|Any CPU
		{B9A7D757-88D6-4A80-A33A-9FE6AD31306F}.Debug|Any CPU.Build.0 = Debug|Any CPU
		{B9A7D757-88D6-4A80-A33A-9FE6AD31306F}.Release|Any CPU.ActiveCfg = Release|Any CPU
		{B9A7D757-88D6-4A80-A33A-9FE6AD31306F}.Release|Any CPU.Build.0 = Release|Any CPU
	EndGlobalSection
	GlobalSection(SolutionProperties) = preSolution
		HideSolutionNode = FALSE
	EndGlobalSection
	GlobalSection(ExtensibilityGlobals) = postSolution
		SolutionGuid = {1F51AAD9-53AA-43D1-9B53-A91B43CFCA8D}
	EndGlobalSection
EndGlobal
